{
  "name": "automation-cli",
  "version": "0.0.0",
  "lockfileVersion": 2,
  "requires": true,
  "packages": {
    "": {
      "name": "automation-cli",
      "version": "0.0.0",
      "bin": {
        "title-case": "dist/title-case.js"
      },
      "devDependencies": {
        "@types/node": "file:~/tsp/libs/node/@types/node_modules/@types/node"
      }
    },
    "../../../libs/node/@types/node_modules/@types/node": {
      "version": "18.11.18",
      "dev": true,
      "license": "MIT"
    },
    "node_modules/@types/node": {
      "resolved": "../../../libs/node/@types/node_modules/@types/node",
      "link": true
    }
  },
  "dependencies": {
    "@types/node": {
      "version": "file:../../../libs/node/@types/node_modules/@types/node"
    }
  }
}
