{
  "name": "automation-cli",
  "version": "0.0.0",
  "lockfileVersion": 3,
  "requires": true,
  "packages": {
    "": {
      "name": "automation-cli",
      "version": "0.0.0",
      "bin": {
        "install": "dist/install.js",
        "title-case": "dist/title-case.js",
        "upper-case": "dist/upper-case.js"
      },
      "devDependencies": {
        "@types/node": "file:~/tsp/libs/node/@types/node_modules/@types/node"
      }
    },
    "../../../libs/node/@types/node_modules/@types/node": {
      "version": "18.15.0",
      "dev": true,
      "license": "MIT"
    },
    "node_modules/@types/node": {
      "resolved": "../../../libs/node/@types/node_modules/@types/node",
      "link": true
    }
  }
}
